<?xml version="1.0" encoding="utf-8"?>
<Project ToolsVersion="4.0" xmlns="http://schemas.microsoft.com/developer/msbuild/2003">
  <ItemGroup>
    <Filter Include="Source Files">
      <UniqueIdentifier>{4FC737F1-C7A5-4376-A066-2A32D752A2FF}</UniqueIdentifier>
      <Extensions>cpp;c;cc;cxx;def;odl;idl;hpj;bat;asm;asmx</Extensions>
    </Filter>
    <Filter Include="Header Files">
      <UniqueIdentifier>{93995380-89BD-4b04-88EB-625FBE52EBFB}</UniqueIdentifier>
      <Extensions>h;hh;hpp;hxx;hm;inl;inc;xsd</Extensions>
    </Filter>
    <Filter Include="Resource Files">
      <UniqueIdentifier>{67DA6AB6-F800-4c08-8B7A-83BB121AAD01}</UniqueIdentifier>
      <Extensions>rc;ico;cur;bmp;dlg;rc2;rct;bin;rgs;gif;jpg;jpeg;jpe;resx;tiff;tif;png;wav;mfcribbon-ms</Extensions>
    </Filter>
  </ItemGroup>
  <ItemGroup>
    <ClCompile Include="epi_06-01__arrays__dutch-flag-partition.cpp">
      <Filter>Source Files</Filter>
    </ClCompile>
    <ClCompile Include="epi_07-01__strings__interconvert-strings-and-integers.cpp">
      <Filter>Source Files</Filter>
    </ClCompile>
    <ClCompile Include="epi_08-01__lists__merge-two-sorted-lists.cpp">
      <Filter>Source Files</Filter>
    </ClCompile>
    <ClCompile Include="epi_08-05__lists__checking-for-cyclicity.cpp">
      <Filter>Source Files</Filter>
    </ClCompile>
    <ClCompile Include="epi_14-10__sorting__counting-sort.cpp">
      <Filter>Source Files</Filter>
    </ClCompile>
    <ClCompile Include="epi_09-01__stacks-queues__stack-with-max-operation.cpp">
      <Filter>Source Files</Filter>
    </ClCompile>
    <ClCompile Include="epi_09-03__stacks-queues__printing-keys-in-bst.cpp">
      <Filter>Source Files</Filter>
    </ClCompile>
    <ClCompile Include="int_ps__02-01__format-number.cpp">
      <Filter>Source Files</Filter>
    </ClCompile>
    <ClCompile Include="int_ps__02-02__ip_to_string.cpp">
      <Filter>Source Files</Filter>
    </ClCompile>
    <ClCompile Include="int_ps__02-03__count_duplicates.cpp">
      <Filter>Source Files</Filter>
    </ClCompile>
    <ClCompile Include="int_ps__01-01__reverse-sentence.cpp">
      <Filter>Source Files</Filter>
    </ClCompile>
    <ClCompile Include="int_ip__01_02__bst-node-insert.cpp">
      <Filter>Source Files</Filter>
    </ClCompile>
    <ClCompile Include="int_ip__01-03__anagrams.cpp">
      <Filter>Source Files</Filter>
    </ClCompile>
    <ClCompile Include="int_ps__01-02__make_change.cpp">
      <Filter>Source Files</Filter>
    </ClCompile>
    <ClCompile Include="int_ip__01-05__round_float.cpp">
      <Filter>Source Files</Filter>
    </ClCompile>
    <ClCompile Include="epi_10-01__trees__test_balanced_tree.cpp">
      <Filter>Source Files</Filter>
    </ClCompile>
    <ClCompile Include="int_ps__02-04__inheritance_output _order.cpp">
      <Filter>Source Files</Filter>
    </ClCompile>
    <ClCompile Include="int_ps__02-05__url_history.cpp">
      <Filter>Source Files</Filter>
    </ClCompile>
  </ItemGroup>
  <ItemGroup>
    <ClInclude Include="linked_list_prototype.h">
      <Filter>Header Files</Filter>
    </ClInclude>
  </ItemGroup>
</Project>